
Microsoft Visual Studio Solution File, Format Version 12.00
# Visual Studio Version 16
VisualStudioVersion = 16.0.31112.23
MinimumVisualStudioVersion = 10.0.40219.1
Project("{FAE04EC0-301F-11D3-BF4B-00C04F79EFBC}") = "coffee_ticket", "coffee_ticket.csproj", "{CFE88132-4411-4E3A-BDA1-20F8558AA596}"
EndProject
Global
	GlobalSection(SolutionConfigurationPlatforms) = preSolution
		Debug|Any CPU = Debug|Any CPU
		Release|Any CPU = Release|Any CPU
	EndGlobalSection
	GlobalSection(ProjectConfigurationPlatforms) = postSolution
		{CFE88132-4411-4E3A-BDA1-20F8558AA596}.Debug|Any CPU.ActiveCfg = Debug|Any CPU
		{CFE88132-4411-4E3A-BDA1-20F8558AA596}.Debug|Any CPU.Build.0 = Debug|Any CPU
		{CFE88132-4411-4E3A-BDA1-20F8558AA596}.Release|Any CPU.ActiveCfg = Release|Any CPU
		{CFE88132-4411-4E3A-BDA1-20F8558AA596}.Release|Any CPU.Build.0 = Release|Any CPU
	EndGlobalSection
	GlobalSection(SolutionProperties) = preSolution
		HideSolutionNode = FALSE
	EndGlobalSection
	GlobalSection(ExtensibilityGlobals) = postSolution
		SolutionGuid = {61D06C8F-4681-4C9F-86AA-56BB9743AAD8}
	EndGlobalSection
EndGlobal
